{
  "requires": true,
  "lockfileVersion": 1,
  "dependencies": {
    "@libria/gridstack": {
      "version": "0.0.3",
      "resolved": "https://registry.npmjs.org/@libria/gridstack/-/gridstack-0.0.3.tgz",
      "integrity": "sha512-3/XrAjlRhwy/dDvJPdp1V7Q2mQmc6aK6sfFXEz9sScZTHpJpB0SbnVqpaCniRISju6CTjbl8FZavi5uIVgO2SQ=="
    }
  }
}
